// !$*UTF8*$!
{
	archiveVersion = 1;
	classes = {
	};
	objectVersion = 55;
	objects = {

/* Begin PBXBuildFile section */
		CC9D3D22282DC64800CC29B7 /* AppDelegate.swift in Sources */ = {isa = PBXBuildFile; fileRef = CC9D3D21282DC64800CC29B7 /* AppDelegate.swift */; };
		CC9D3D24282DC64800CC29B7 /* SceneDelegate.swift in Sources */ = {isa = PBXBuildFile; fileRef = CC9D3D23282DC64800CC29B7 /* SceneDelegate.swift */; };
		CC9D3D26282DC64800CC29B7 /* ViewController.swift in Sources */ = {isa = PBXBuildFile; fileRef = CC9D3D25282DC64800CC29B7 /* ViewController.swift */; };
		CC9D3D29282DC64800CC29B7 /* Main.storyboard in Resources */ = {isa = PBXBuildFile; fileRef = CC9D3D27282DC64800CC29B7 /* Main.storyboard */; };
		CC9D3D2B282DC64A00CC29B7 /* Assets.xcassets in Resources */ = {isa = PBXBuildFile; fileRef = CC9D3D2A282DC64A00CC29B7 /* Assets.xcassets */; };
		CC9D3D2E282DC64A00CC29B7 /* LaunchScreen.storyboard in Resources */ = {isa = PBXBuildFile; fileRef = CC9D3D2C282DC64A00CC29B7 /* LaunchScreen.storyboard */; };
		CC9D3D38282DCC9A00CC29B7 /* Marvel-Regular.ttf in Resources */ = {isa = PBXBuildFile; fileRef = CC9D3D37282DCC9A00CC29B7 /* Marvel-Regular.ttf */; };
		CC9D3D42282DEDFA00CC29B7 /* Hero.swift in Sources */ = {isa = PBXBuildFile; fileRef = CC9D3D41282DEDFA00CC29B7 /* Hero.swift */; };
		CC9D3D44282DEEC400CC29B7 /* HeroViewController.swift in Sources */ = {isa = PBXBuildFile; fileRef = CC9D3D43282DEEC400CC29B7 /* HeroViewController.swift */; };
		CC9D3D4A282DF87800CC29B7 /* HeroTableViewCell.swift in Sources */ = {isa = PBXBuildFile; fileRef = CC9D3D49282DF87800CC29B7 /* HeroTableViewCell.swift */; };
		CC9EE42B282E11E5004EADDB /* HeroManager.swift in Sources */ = {isa = PBXBuildFile; fileRef = CC9EE42A282E11E5004EADDB /* HeroManager.swift */; };
/* End PBXBuildFile section */

/* Begin PBXFileReference section */
		CC9D3D1E282DC64800CC29B7 /* MarvelStartProject.app */ = {isa = PBXFileReference; explicitFileType = wrapper.application; includeInIndex = 0; path = MarvelStartProject.app; sourceTree = BUILT_PRODUCTS_DIR; };
		CC9D3D21282DC64800CC29B7 /* AppDelegate.swift */ = {isa = PBXFileReference; lastKnownFileType = sourcecode.swift; path = AppDelegate.swift; sourceTree = "<group>"; };
		CC9D3D23282DC64800CC29B7 /* SceneDelegate.swift */ = {isa = PBXFileReference; lastKnownFileType = sourcecode.swift; path = SceneDelegate.swift; sourceTree = "<group>"; };
		CC9D3D25282DC64800CC29B7 /* ViewController.swift */ = {isa = PBXFileReference; lastKnownFileType = sourcecode.swift; path = ViewController.swift; sourceTree = "<group>"; };
		CC9D3D28282DC64800CC29B7 /* Base */ = {isa = PBXFileReference; lastKnownFileType = file.storyboard; name = Base; path = Base.lproj/Main.storyboard; sourceTree = "<group>"; };
		CC9D3D2A282DC64A00CC29B7 /* Assets.xcassets */ = {isa = PBXFileReference; lastKnownFileType = folder.assetcatalog; path = Assets.xcassets; sourceTree = "<group>"; };
		CC9D3D2D282DC64A00CC29B7 /* Base */ = {isa = PBXFileReference; lastKnownFileType = file.storyboard; name = Base; path = Base.lproj/LaunchScreen.storyboard; sourceTree = "<group>"; };
		CC9D3D2F282DC64A00CC29B7 /* Info.plist */ = {isa = PBXFileReference; lastKnownFileType = text.plist.xml; path = Info.plist; sourceTree = "<group>"; };
		CC9D3D37282DCC9A00CC29B7 /* Marvel-Regular.ttf */ = {isa = PBXFileReference; lastKnownFileType = file; path = "Marvel-Regular.ttf"; sourceTree = "<group>"; };
		CC9D3D41282DEDFA00CC29B7 /* Hero.swift */ = {isa = PBXFileReference; lastKnownFileType = sourcecode.swift; path = Hero.swift; sourceTree = "<group>"; };
		CC9D3D43282DEEC400CC29B7 /* HeroViewController.swift */ = {isa = PBXFileReference; lastKnownFileType = sourcecode.swift; path = HeroViewController.swift; sourceTree = "<group>"; };
		CC9D3D49282DF87800CC29B7 /* HeroTableViewCell.swift */ = {isa = PBXFileReference; lastKnownFileType = sourcecode.swift; path = HeroTableViewCell.swift; sourceTree = "<group>"; };
		CC9EE42A282E11E5004EADDB /* HeroManager.swift */ = {isa = PBXFileReference; lastKnownFileType = sourcecode.swift; path = HeroManager.swift; sourceTree = "<group>"; };
/* End PBXFileReference section */

/* Begin PBXFrameworksBuildPhase section */
		CC9D3D1B282DC64800CC29B7 /* Frameworks */ = {
			isa = PBXFrameworksBuildPhase;
			buildActionMask = 2147483647;
			files = (
			);
			runOnlyForDeploymentPostprocessing = 0;
		};
/* End PBXFrameworksBuildPhase section */

/* Begin PBXGroup section */
		CC9D3D15282DC64800CC29B7 = {
			isa = PBXGroup;
			children = (
				CC9D3D20282DC64800CC29B7 /* MarvelStartProject */,
				CC9D3D1F282DC64800CC29B7 /* Products */,
			);
			sourceTree = "<group>";
		};
		CC9D3D1F282DC64800CC29B7 /* Products */ = {
			isa = PBXGroup;
			children = (
				CC9D3D1E282DC64800CC29B7 /* MarvelStartProject.app */,
			);
			name = Products;
			sourceTree = "<group>";
		};
		CC9D3D20282DC64800CC29B7 /* MarvelStartProject */ = {
			isa = PBXGroup;
			children = (
				CC9D3D21282DC64800CC29B7 /* AppDelegate.swift */,
				CC9D3D23282DC64800CC29B7 /* SceneDelegate.swift */,
				CC9D3D35282DCC7100CC29B7 /* Utils */,
				CC9D3D3B282DD25C00CC29B7 /* Models */,
				CC9D3D3A282DD25600CC29B7 /* Views */,
				CC9D3D39282DD24F00CC29B7 /* Controllers */,
				CC9D3D2A282DC64A00CC29B7 /* Assets.xcassets */,
				CC9D3D2C282DC64A00CC29B7 /* LaunchScreen.storyboard */,
				CC9D3D2F282DC64A00CC29B7 /* Info.plist */,
			);
			path = MarvelStartProject;
			sourceTree = "<group>";
		};
		CC9D3D35282DCC7100CC29B7 /* Utils */ = {
			isa = PBXGroup;
			children = (
				CC9D3D36282DCC7800CC29B7 /* Fonts */,
			);
			path = Utils;
			sourceTree = "<group>";
		};
		CC9D3D36282DCC7800CC29B7 /* Fonts */ = {
			isa = PBXGroup;
			children = (
				CC9D3D37282DCC9A00CC29B7 /* Marvel-Regular.ttf */,
			);
			path = Fonts;
			sourceTree = "<group>";
		};
		CC9D3D39282DD24F00CC29B7 /* Controllers */ = {
			isa = PBXGroup;
			children = (
				CC9D3D25282DC64800CC29B7 /* ViewController.swift */,
				CC9D3D43282DEEC400CC29B7 /* HeroViewController.swift */,
			);
			path = Controllers;
			sourceTree = "<group>";
		};
		CC9D3D3A282DD25600CC29B7 /* Views */ = {
			isa = PBXGroup;
			children = (
				CC9D3D48282DF86B00CC29B7 /* Cell */,
				CC9D3D27282DC64800CC29B7 /* Main.storyboard */,
			);
			path = Views;
			sourceTree = "<group>";
		};
		CC9D3D3B282DD25C00CC29B7 /* Models */ = {
			isa = PBXGroup;
			children = (
				CC9D3D41282DEDFA00CC29B7 /* Hero.swift */,
				CC9EE42A282E11E5004EADDB /* HeroManager.swift */,
			);
			path = Models;
			sourceTree = "<group>";
		};
		CC9D3D48282DF86B00CC29B7 /* Cell */ = {
			isa = PBXGroup;
			children = (
				CC9D3D49282DF87800CC29B7 /* HeroTableViewCell.swift */,
			);
			path = Cell;
			sourceTree = "<group>";
		};
/* End PBXGroup section */

/* Begin PBXNativeTarget section */
		CC9D3D1D282DC64800CC29B7 /* MarvelStartProject */ = {
			isa = PBXNativeTarget;
			buildConfigurationList = CC9D3D32282DC64A00CC29B7 /* Build configuration list for PBXNativeTarget "MarvelStartProject" */;
			buildPhases = (
				CC9D3D1A282DC64800CC29B7 /* Sources */,
				CC9D3D1B282DC64800CC29B7 /* Frameworks */,
				CC9D3D1C282DC64800CC29B7 /* Resources */,
			);
			buildRules = (
			);
			dependencies = (
			);
			name = MarvelStartProject;
			productName = MarvelStartProject;
			productReference = CC9D3D1E282DC64800CC29B7 /* MarvelStartProject.app */;
			productType = "com.apple.product-type.application";
		};
/* End PBXNativeTarget section */

/* Begin PBXProject section */
		CC9D3D16282DC64800CC29B7 /* Project object */ = {
			isa = PBXProject;
			attributes = {
				BuildIndependentTargetsInParallel = 1;
				LastSwiftUpdateCheck = 1330;
				LastUpgradeCheck = 1330;
				TargetAttributes = {
					CC9D3D1D282DC64800CC29B7 = {
						CreatedOnToolsVersion = 13.3.1;
					};
				};
			};
			buildConfigurationList = CC9D3D19282DC64800CC29B7 /* Build configuration list for PBXProject "MarvelStartProject" */;
			compatibilityVersion = "Xcode 13.0";
			developmentRegion = en;
			hasScannedForEncodings = 0;
			knownRegions = (
				en,
				Base,
			);
			mainGroup = CC9D3D15282DC64800CC29B7;
			productRefGroup = CC9D3D1F282DC64800CC29B7 /* Products */;
			projectDirPath = "";
			projectRoot = "";
			targets = (
				CC9D3D1D282DC64800CC29B7 /* MarvelStartProject */,
			);
		};
/* End PBXProject section */

/* Begin PBXResourcesBuildPhase section */
		CC9D3D1C282DC64800CC29B7 /* Resources */ = {
			isa = PBXResourcesBuildPhase;
			buildActionMask = 2147483647;
			files = (
				CC9D3D38282DCC9A00CC29B7 /* Marvel-Regular.ttf in Resources */,
				CC9D3D2E282DC64A00CC29B7 /* LaunchScreen.storyboard in Resources */,
				CC9D3D2B282DC64A00CC29B7 /* Assets.xcassets in Resources */,
				CC9D3D29282DC64800CC29B7 /* Main.storyboard in Resources */,
			);
			runOnlyForDeploymentPostprocessing = 0;
		};
/* End PBXResourcesBuildPhase section */

/* Begin PBXSourcesBuildPhase section */
		CC9D3D1A282DC64800CC29B7 /* Sources */ = {
			isa = PBXSourcesBuildPhase;
			buildActionMask = 2147483647;
			files = (
				CC9D3D26282DC64800CC29B7 /* ViewController.swift in Sources */,
				CC9D3D4A282DF87800CC29B7 /* HeroTableViewCell.swift in Sources */,
				CC9EE42B282E11E5004EADDB /* HeroManager.swift in Sources */,
				CC9D3D44282DEEC400CC29B7 /* HeroViewController.swift in Sources */,
				CC9D3D22282DC64800CC29B7 /* AppDelegate.swift in Sources */,
				CC9D3D24282DC64800CC29B7 /* SceneDelegate.swift in Sources */,
				CC9D3D42282DEDFA00CC29B7 /* Hero.swift in Sources */,
			);
			runOnlyForDeploymentPostprocessing = 0;
		};
/* End PBXSourcesBuildPhase section */

/* Begin PBXVariantGroup section */
		CC9D3D27282DC64800CC29B7 /* Main.storyboard */ = {
			isa = PBXVariantGroup;
			children = (
				CC9D3D28282DC64800CC29B7 /* Base */,
			);
			name = Main.storyboard;
			sourceTree = "<group>";
		};
		CC9D3D2C282DC64A00CC29B7 /* LaunchScreen.storyboard */ = {
			isa = PBXVariantGroup;
			children = (
				CC9D3D2D282DC64A00CC29B7 /* Base */,
			);
			name = LaunchScreen.storyboard;
			sourceTree = "<group>";
		};
/* End PBXVariantGroup section */

/* Begin XCBuildConfiguration section */
		CC9D3D30282DC64A00CC29B7 /* Debug */ = {
			isa = XCBuildConfiguration;
			buildSettings = {
				ALWAYS_SEARCH_USER_PATHS = NO;
				CLANG_ANALYZER_NONNULL = YES;
				CLANG_ANALYZER_NUMBER_OBJECT_CONVERSION = YES_AGGRESSIVE;
				CLANG_CXX_LANGUAGE_STANDARD = "gnu++17";
				CLANG_ENABLE_MODULES = YES;
				CLANG_ENABLE_OBJC_ARC = YES;
				CLANG_ENABLE_OBJC_WEAK = YES;
				CLANG_WARN_BLOCK_CAPTURE_AUTORELEASING = YES;
				CLANG_WARN_BOOL_CONVERSION = YES;
				CLANG_WARN_COMMA = YES;
				CLANG_WARN_CONSTANT_CONVERSION = YES;
				CLANG_WARN_DEPRECATED_OBJC_IMPLEMENTATIONS = YES;
				CLANG_WARN_DIRECT_OBJC_ISA_USAGE = YES_ERROR;
				CLANG_WARN_DOCUMENTATION_COMMENTS = YES;
				CLANG_WARN_EMPTY_BODY = YES;
				CLANG_WARN_ENUM_CONVERSION = YES;
				CLANG_WARN_INFINITE_RECURSION = YES;
				CLANG_WARN_INT_CONVERSION = YES;
				CLANG_WARN_NON_LITERAL_NULL_CONVERSION = YES;
				CLANG_WARN_OBJC_IMPLICIT_RETAIN_SELF = YES;
				CLANG_WARN_OBJC_LITERAL_CONVERSION = YES;
				CLANG_WARN_OBJC_ROOT_CLASS = YES_ERROR;
				CLANG_WARN_QUOTED_INCLUDE_IN_FRAMEWORK_HEADER = YES;
				CLANG_WARN_RANGE_LOOP_ANALYSIS = YES;
				CLANG_WARN_STRICT_PROTOTYPES = YES;
				CLANG_WARN_SUSPICIOUS_MOVE = YES;
				CLANG_WARN_UNGUARDED_AVAILABILITY = YES_AGGRESSIVE;
				CLANG_WARN_UNREACHABLE_CODE = YES;
				CLANG_WARN__DUPLICATE_METHOD_MATCH = YES;
				COPY_PHASE_STRIP = NO;
				DEBUG_INFORMATION_FORMAT = dwarf;
				ENABLE_STRICT_OBJC_MSGSEND = YES;
				ENABLE_TESTABILITY = YES;
				GCC_C_LANGUAGE_STANDARD = gnu11;
				GCC_DYNAMIC_NO_PIC = NO;
				GCC_NO_COMMON_BLOCKS = YES;
				GCC_OPTIMIZATION_LEVEL = 0;
				GCC_PREPROCESSOR_DEFINITIONS = (
					"DEBUG=1",
					"$(inherited)",
				);
				GCC_WARN_64_TO_32_BIT_CONVERSION = YES;
				GCC_WARN_ABOUT_RETURN_TYPE = YES_ERROR;
				GCC_WARN_UNDECLARED_SELECTOR = YES;
				GCC_WARN_UNINITIALIZED_AUTOS = YES_AGGRESSIVE;
				GCC_WARN_UNUSED_FUNCTION = YES;
				GCC_WARN_UNUSED_VARIABLE = YES;
				IPHONEOS_DEPLOYMENT_TARGET = 15.4;
				MTL_ENABLE_DEBUG_INFO = INCLUDE_SOURCE;
				MTL_FAST_MATH = YES;
				ONLY_ACTIVE_ARCH = YES;
				SDKROOT = iphoneos;
				SWIFT_ACTIVE_COMPILATION_CONDITIONS = DEBUG;
				SWIFT_OPTIMIZATION_LEVEL = "-Onone";
			};
			name = Debug;
		};
		CC9D3D31282DC64A00CC29B7 /* Release */ = {
			isa = XCBuildConfiguration;
			buildSettings = {
				ALWAYS_SEARCH_USER_PATHS = NO;
				CLANG_ANALYZER_NONNULL = YES;
				CLANG_ANALYZER_NUMBER_OBJECT_CONVERSION = YES_AGGRESSIVE;
				CLANG_CXX_LANGUAGE_STANDARD = "gnu++17";
				CLANG_ENABLE_MODULES = YES;
				CLANG_ENABLE_OBJC_ARC = YES;
				CLANG_ENABLE_OBJC_WEAK = YES;
				CLANG_WARN_BLOCK_CAPTURE_AUTORELEASING = YES;
				CLANG_WARN_BOOL_CONVERSION = YES;
				CLANG_WARN_COMMA = YES;
				CLANG_WARN_CONSTANT_CONVERSION = YES;
				CLANG_WARN_DEPRECATED_OBJC_IMPLEMENTATIONS = YES;
				CLANG_WARN_DIRECT_OBJC_ISA_USAGE = YES_ERROR;
				CLANG_WARN_DOCUMENTATION_COMMENTS = YES;
				CLANG_WARN_EMPTY_BODY = YES;
				CLANG_WARN_ENUM_CONVERSION = YES;
				CLANG_WARN_INFINITE_RECURSION = YES;
				CLANG_WARN_INT_CONVERSION = YES;
				CLANG_WARN_NON_LITERAL_NULL_CONVERSION = YES;
				CLANG_WARN_OBJC_IMPLICIT_RETAIN_SELF = YES;
				CLANG_WARN_OBJC_LITERAL_CONVERSION = YES;
				CLANG_WARN_OBJC_ROOT_CLASS = YES_ERROR;
				CLANG_WARN_QUOTED_INCLUDE_IN_FRAMEWORK_HEADER = YES;
				CLANG_WARN_RANGE_LOOP_ANALYSIS = YES;
				CLANG_WARN_STRICT_PROTOTYPES = YES;
				CLANG_WARN_SUSPICIOUS_MOVE = YES;
				CLANG_WARN_UNGUARDED_AVAILABILITY = YES_AGGRESSIVE;
				CLANG_WARN_UNREACHABLE_CODE = YES;
				CLANG_WARN__DUPLICATE_METHOD_MATCH = YES;
				COPY_PHASE_STRIP = NO;
				DEBUG_INFORMATION_FORMAT = "dwarf-with-dsym";
				ENABLE_NS_ASSERTIONS = NO;
				ENABLE_STRICT_OBJC_MSGSEND = YES;
				GCC_C_LANGUAGE_STANDARD = gnu11;
				GCC_NO_COMMON_BLOCKS = YES;
				GCC_WARN_64_TO_32_BIT_CONVERSION = YES;
				GCC_WARN_ABOUT_RETURN_TYPE = YES_ERROR;
				GCC_WARN_UNDECLARED_SELECTOR = YES;
				GCC_WARN_UNINITIALIZED_AUTOS = YES_AGGRESSIVE;
				GCC_WARN_UNUSED_FUNCTION = YES;
				GCC_WARN_UNUSED_VARIABLE = YES;
				IPHONEOS_DEPLOYMENT_TARGET = 15.4;
				MTL_ENABLE_DEBUG_INFO = NO;
				MTL_FAST_MATH = YES;
				SDKROOT = iphoneos;
				SWIFT_COMPILATION_MODE = wholemodule;
				SWIFT_OPTIMIZATION_LEVEL = "-O";
				VALIDATE_PRODUCT = YES;
			};
			name = Release;
		};
		CC9D3D33282DC64A00CC29B7 /* Debug */ = {
			isa = XCBuildConfiguration;
			buildSettings = {
				ASSETCATALOG_COMPILER_APPICON_NAME = AppIcon;
				ASSETCATALOG_COMPILER_GLOBAL_ACCENT_COLOR_NAME = AccentColor;
				CODE_SIGN_STYLE = Automatic;
				CURRENT_PROJECT_VERSION = 1;
				DEVELOPMENT_TEAM = L859KY23VK;
				GENERATE_INFOPLIST_FILE = YES;
				INFOPLIST_FILE = MarvelStartProject/Info.plist;
				INFOPLIST_KEY_UIApplicationSupportsIndirectInputEvents = YES;
				INFOPLIST_KEY_UILaunchStoryboardName = LaunchScreen;
				INFOPLIST_KEY_UIMainStoryboardFile = Main;
				INFOPLIST_KEY_UISupportedInterfaceOrientations_iPad = "UIInterfaceOrientationPortrait UIInterfaceOrientationPortraitUpsideDown UIInterfaceOrientationLandscapeLeft UIInterfaceOrientationLandscapeRight";
				INFOPLIST_KEY_UISupportedInterfaceOrientations_iPhone = "UIInterfaceOrientationPortrait UIInterfaceOrientationLandscapeLeft UIInterfaceOrientationLandscapeRight";
				LD_RUNPATH_SEARCH_PATHS = (
					"$(inherited)",
					"@executable_path/Frameworks",
				);
				MARKETING_VERSION = 1.0;
				PRODUCT_BUNDLE_IDENTIFIER = com.jeanlucas.MarvelStartProject;
				PRODUCT_NAME = "$(TARGET_NAME)";
				SWIFT_EMIT_LOC_STRINGS = YES;
				SWIFT_VERSION = 5.0;
				TARGETED_DEVICE_FAMILY = "1,2";
			};
			name = Debug;
		};
		CC9D3D34282DC64A00CC29B7 /* Release */ = {
			isa = XCBuildConfiguration;
			buildSettings = {
				ASSETCATALOG_COMPILER_APPICON_NAME = AppIcon;
				ASSETCATALOG_COMPILER_GLOBAL_ACCENT_COLOR_NAME = AccentColor;
				CODE_SIGN_STYLE = Automatic;
				CURRENT_PROJECT_VERSION = 1;
				DEVELOPMENT_TEAM = L859KY23VK;
				GENERATE_INFOPLIST_FILE = YES;
				INFOPLIST_FILE = MarvelStartProject/Info.plist;
				INFOPLIST_KEY_UIApplicationSupportsIndirectInputEvents = YES;
				INFOPLIST_KEY_UILaunchStoryboardName = LaunchScreen;
				INFOPLIST_KEY_UIMainStoryboardFile = Main;
				INFOPLIST_KEY_UISupportedInterfaceOrientations_iPad = "UIInterfaceOrientationPortrait UIInterfaceOrientationPortraitUpsideDown UIInterfaceOrientationLandscapeLeft UIInterfaceOrientationLandscapeRight";
				INFOPLIST_KEY_UISupportedInterfaceOrientations_iPhone = "UIInterfaceOrientationPortrait UIInterfaceOrientationLandscapeLeft UIInterfaceOrientationLandscapeRight";
				LD_RUNPATH_SEARCH_PATHS = (
					"$(inherited)",
					"@executable_path/Frameworks",
				);
				MARKETING_VERSION = 1.0;
				PRODUCT_BUNDLE_IDENTIFIER = com.jeanlucas.MarvelStartProject;
				PRODUCT_NAME = "$(TARGET_NAME)";
				SWIFT_EMIT_LOC_STRINGS = YES;
				SWIFT_VERSION = 5.0;
				TARGETED_DEVICE_FAMILY = "1,2";
			};
			name = Release;
		};
/* End XCBuildConfiguration section */

/* Begin XCConfigurationList section */
		CC9D3D19282DC64800CC29B7 /* Build configuration list for PBXProject "MarvelStartProject" */ = {
			isa = XCConfigurationList;
			buildConfigurations = (
				CC9D3D30282DC64A00CC29B7 /* Debug */,
				CC9D3D31282DC64A00CC29B7 /* Release */,
			);
			defaultConfigurationIsVisible = 0;
			defaultConfigurationName = Release;
		};
		CC9D3D32282DC64A00CC29B7 /* Build configuration list for PBXNativeTarget "MarvelStartProject" */ = {
			isa = XCConfigurationList;
			buildConfigurations = (
				CC9D3D33282DC64A00CC29B7 /* Debug */,
				CC9D3D34282DC64A00CC29B7 /* Release */,
			);
			defaultConfigurationIsVisible = 0;
			defaultConfigurationName = Release;
		};
/* End XCConfigurationList section */
	};
	rootObject = CC9D3D16282DC64800CC29B7 /* Project object */;
}
